
Microsoft Visual Studio Solution File, Format Version 12.00
Project("{2150E333-8FDC-42A3-9474-1A3956D46DE8}") = "ApiGateway", "ApiGateway", "{35F529EB-9613-44F1-B0D9-B81E33E9CA4B}"
EndProject
Project("{FAE04EC0-301F-11D3-BF4B-00C04F79EFBC}") = "ApiGateway", "ApiGateway\ApiGateway.csproj", "{8137BFEB-CDFD-4AB0-9369-7CAB749737B8}"
EndProject
Project("{2150E333-8FDC-42A3-9474-1A3956D46DE8}") = "CodeLauncherService", "CodeLauncherService", "{D47C29BB-37A3-49BF-B9D3-99E734CBC4E5}"
EndProject
Project("{FAE04EC0-301F-11D3-BF4B-00C04F79EFBC}") = "CodeLauncherService", "CodeLauncherService\CodeLauncherService.csproj", "{ADB61735-C45C-4881-A070-7096BF54A7EB}"
EndProject
Project("{2150E333-8FDC-42A3-9474-1A3956D46DE8}") = "SharedProjects", "SharedProjects", "{BBA1B735-465E-4518-A6F9-792FE69984B4}"
EndProject
Project("{FAE04EC0-301F-11D3-BF4B-00C04F79EFBC}") = "Shared.Server", "Shared.Server\Shared.Server.csproj", "{8D96FF1D-E5B2-4A91-8C1D-3134B5EDFE8D}"
EndProject
Project("{2150E333-8FDC-42A3-9474-1A3956D46DE8}") = "TaskService", "TaskService", "{9BBC3EC5-2979-4FA7-9935-9EB9A22B9571}"
EndProject
Project("{FAE04EC0-301F-11D3-BF4B-00C04F79EFBC}") = "TaskService", "TaskService\TaskService.csproj", "{3083FFDB-8EC4-4FE2-833C-6E86A36FB688}"
EndProject
Project("{2150E333-8FDC-42A3-9474-1A3956D46DE8}") = "UserService", "UserService", "{13E7A8E6-158B-472D-A11F-FB1EEA6A07A6}"
EndProject
Project("{FAE04EC0-301F-11D3-BF4B-00C04F79EFBC}") = "UserService", "UserService\UserService.csproj", "{D6983536-0718-4889-A1D0-4306A44E1B78}"
EndProject
Global
	GlobalSection(SolutionConfigurationPlatforms) = preSolution
		Debug|Any CPU = Debug|Any CPU
		Release|Any CPU = Release|Any CPU
	EndGlobalSection
	GlobalSection(ProjectConfigurationPlatforms) = postSolution
		{8137BFEB-CDFD-4AB0-9369-7CAB749737B8}.Debug|Any CPU.ActiveCfg = Debug|Any CPU
		{8137BFEB-CDFD-4AB0-9369-7CAB749737B8}.Debug|Any CPU.Build.0 = Debug|Any CPU
		{8137BFEB-CDFD-4AB0-9369-7CAB749737B8}.Release|Any CPU.ActiveCfg = Release|Any CPU
		{8137BFEB-CDFD-4AB0-9369-7CAB749737B8}.Release|Any CPU.Build.0 = Release|Any CPU
		{ADB61735-C45C-4881-A070-7096BF54A7EB}.Debug|Any CPU.ActiveCfg = Debug|Any CPU
		{ADB61735-C45C-4881-A070-7096BF54A7EB}.Debug|Any CPU.Build.0 = Debug|Any CPU
		{ADB61735-C45C-4881-A070-7096BF54A7EB}.Release|Any CPU.ActiveCfg = Release|Any CPU
		{ADB61735-C45C-4881-A070-7096BF54A7EB}.Release|Any CPU.Build.0 = Release|Any CPU
		{8D96FF1D-E5B2-4A91-8C1D-3134B5EDFE8D}.Debug|Any CPU.ActiveCfg = Debug|Any CPU
		{8D96FF1D-E5B2-4A91-8C1D-3134B5EDFE8D}.Debug|Any CPU.Build.0 = Debug|Any CPU
		{8D96FF1D-E5B2-4A91-8C1D-3134B5EDFE8D}.Release|Any CPU.ActiveCfg = Release|Any CPU
		{8D96FF1D-E5B2-4A91-8C1D-3134B5EDFE8D}.Release|Any CPU.Build.0 = Release|Any CPU
		{3083FFDB-8EC4-4FE2-833C-6E86A36FB688}.Debug|Any CPU.ActiveCfg = Debug|Any CPU
		{3083FFDB-8EC4-4FE2-833C-6E86A36FB688}.Debug|Any CPU.Build.0 = Debug|Any CPU
		{3083FFDB-8EC4-4FE2-833C-6E86A36FB688}.Release|Any CPU.ActiveCfg = Release|Any CPU
		{3083FFDB-8EC4-4FE2-833C-6E86A36FB688}.Release|Any CPU.Build.0 = Release|Any CPU
		{D6983536-0718-4889-A1D0-4306A44E1B78}.Debug|Any CPU.ActiveCfg = Debug|Any CPU
		{D6983536-0718-4889-A1D0-4306A44E1B78}.Debug|Any CPU.Build.0 = Debug|Any CPU
		{D6983536-0718-4889-A1D0-4306A44E1B78}.Release|Any CPU.ActiveCfg = Release|Any CPU
		{D6983536-0718-4889-A1D0-4306A44E1B78}.Release|Any CPU.Build.0 = Release|Any CPU
	EndGlobalSection
	GlobalSection(NestedProjects) = preSolution
		{8137BFEB-CDFD-4AB0-9369-7CAB749737B8} = {35F529EB-9613-44F1-B0D9-B81E33E9CA4B}
		{ADB61735-C45C-4881-A070-7096BF54A7EB} = {D47C29BB-37A3-49BF-B9D3-99E734CBC4E5}
		{8D96FF1D-E5B2-4A91-8C1D-3134B5EDFE8D} = {BBA1B735-465E-4518-A6F9-792FE69984B4}
		{3083FFDB-8EC4-4FE2-833C-6E86A36FB688} = {9BBC3EC5-2979-4FA7-9935-9EB9A22B9571}
		{D6983536-0718-4889-A1D0-4306A44E1B78} = {13E7A8E6-158B-472D-A11F-FB1EEA6A07A6}
	EndGlobalSection
EndGlobal
